{
  "name": "vue-xunfang-ai",
  "version": "1.0.0",
  "lockfileVersion": 1,
  "requires": true,
  "dependencies": {
    "@types/jquery": {
      "version": "2.0.51",
      "resolved": "http://registry.npm.taobao.org/@types/jquery/download/@types/jquery-2.0.51.tgz",
      "integrity": "sha1-0McoZj3okFRXomyIkawIrSs1Ock="
    },
    "timeago.js": {
      "version": "4.0.0-beta.1",
      "resolved": "http://registry.npm.taobao.org/timeago.js/download/timeago.js-4.0.0-beta.1.tgz",
      "integrity": "sha1-n9lSPkJ0f3lXQw8dHfV94RpmdB8=",
      "requires": {
        "@types/jquery": "2.0.51"
      }
    }
  }
}
